
Microsoft Visual Studio Solution File, Format Version 12.00
# Visual Studio Version 17
Project("{8BC9CEB8-8B4A-11D0-8D11-00A0C91BC942}") = "ALL_BUILD", "ALL_BUILD.vcxproj", "{46DB18AB-4E90-36A9-BBB2-1CCC59C07431}"
	ProjectSection(ProjectDependencies) = postProject
		{D510964C-2664-3E36-90D5-CAF50E81BFF5} = {D510964C-2664-3E36-90D5-CAF50E81BFF5}
		{2DDDCAEC-3455-33ED-AAFE-374A5E211CF0} = {2DDDCAEC-3455-33ED-AAFE-374A5E211CF0}
		{D1F4E6C5-E351-332E-A87C-70CBEFBB0FCA} = {D1F4E6C5-E351-332E-A87C-70CBEFBB0FCA}
		{025CF7B0-EFEE-3761-9C2E-EB37F67BC609} = {025CF7B0-EFEE-3761-9C2E-EB37F67BC609}
		{20DD9B18-96C1-37C7-A538-678D1B2A74C8} = {20DD9B18-96C1-37C7-A538-678D1B2A74C8}
		{78547D16-96C1-3303-92E2-C272B2FC8D96} = {78547D16-96C1-3303-92E2-C272B2FC8D96}
	EndProjectSection
EndProject
Project("{8BC9CEB8-8B4A-11D0-8D11-00A0C91BC942}") = "ZERO_CHECK", "ZERO_CHECK.vcxproj", "{D510964C-2664-3E36-90D5-CAF50E81BFF5}"
	ProjectSection(ProjectDependencies) = postProject
	EndProjectSection
EndProject
Project("{8BC9CEB8-8B4A-11D0-8D11-00A0C91BC942}") = "brainflow_get_data", "brainflow_get_data.vcxproj", "{2DDDCAEC-3455-33ED-AAFE-374A5E211CF0}"
	ProjectSection(ProjectDependencies) = postProject
		{D510964C-2664-3E36-90D5-CAF50E81BFF5} = {D510964C-2664-3E36-90D5-CAF50E81BFF5}
	EndProjectSection
EndProject
Project("{8BC9CEB8-8B4A-11D0-8D11-00A0C91BC942}") = "get_data_muse", "get_data_muse.vcxproj", "{D1F4E6C5-E351-332E-A87C-70CBEFBB0FCA}"
	ProjectSection(ProjectDependencies) = postProject
		{D510964C-2664-3E36-90D5-CAF50E81BFF5} = {D510964C-2664-3E36-90D5-CAF50E81BFF5}
	EndProjectSection
EndProject
Project("{8BC9CEB8-8B4A-11D0-8D11-00A0C91BC942}") = "get_data_twice", "get_data_twice.vcxproj", "{025CF7B0-EFEE-3761-9C2E-EB37F67BC609}"
	ProjectSection(ProjectDependencies) = postProject
		{D510964C-2664-3E36-90D5-CAF50E81BFF5} = {D510964C-2664-3E36-90D5-CAF50E81BFF5}
	EndProjectSection
EndProject
Project("{8BC9CEB8-8B4A-11D0-8D11-00A0C91BC942}") = "markers", "markers.vcxproj", "{20DD9B18-96C1-37C7-A538-678D1B2A74C8}"
	ProjectSection(ProjectDependencies) = postProject
		{D510964C-2664-3E36-90D5-CAF50E81BFF5} = {D510964C-2664-3E36-90D5-CAF50E81BFF5}
	EndProjectSection
EndProject
Project("{8BC9CEB8-8B4A-11D0-8D11-00A0C91BC942}") = "multiple_streamers", "multiple_streamers.vcxproj", "{78547D16-96C1-3303-92E2-C272B2FC8D96}"
	ProjectSection(ProjectDependencies) = postProject
		{D510964C-2664-3E36-90D5-CAF50E81BFF5} = {D510964C-2664-3E36-90D5-CAF50E81BFF5}
	EndProjectSection
EndProject
Global
	GlobalSection(SolutionConfigurationPlatforms) = preSolution
		Debug|x64 = Debug|x64
		Release|x64 = Release|x64
		MinSizeRel|x64 = MinSizeRel|x64
		RelWithDebInfo|x64 = RelWithDebInfo|x64
	EndGlobalSection
	GlobalSection(ProjectConfigurationPlatforms) = postSolution
		{46DB18AB-4E90-36A9-BBB2-1CCC59C07431}.Debug|x64.ActiveCfg = Debug|x64
		{46DB18AB-4E90-36A9-BBB2-1CCC59C07431}.Release|x64.ActiveCfg = Release|x64
		{46DB18AB-4E90-36A9-BBB2-1CCC59C07431}.MinSizeRel|x64.ActiveCfg = MinSizeRel|x64
		{46DB18AB-4E90-36A9-BBB2-1CCC59C07431}.RelWithDebInfo|x64.ActiveCfg = RelWithDebInfo|x64
		{D510964C-2664-3E36-90D5-CAF50E81BFF5}.Debug|x64.ActiveCfg = Debug|x64
		{D510964C-2664-3E36-90D5-CAF50E81BFF5}.Debug|x64.Build.0 = Debug|x64
		{D510964C-2664-3E36-90D5-CAF50E81BFF5}.Release|x64.ActiveCfg = Release|x64
		{D510964C-2664-3E36-90D5-CAF50E81BFF5}.Release|x64.Build.0 = Release|x64
		{D510964C-2664-3E36-90D5-CAF50E81BFF5}.MinSizeRel|x64.ActiveCfg = MinSizeRel|x64
		{D510964C-2664-3E36-90D5-CAF50E81BFF5}.MinSizeRel|x64.Build.0 = MinSizeRel|x64
		{D510964C-2664-3E36-90D5-CAF50E81BFF5}.RelWithDebInfo|x64.ActiveCfg = RelWithDebInfo|x64
		{D510964C-2664-3E36-90D5-CAF50E81BFF5}.RelWithDebInfo|x64.Build.0 = RelWithDebInfo|x64
		{2DDDCAEC-3455-33ED-AAFE-374A5E211CF0}.Debug|x64.ActiveCfg = Debug|x64
		{2DDDCAEC-3455-33ED-AAFE-374A5E211CF0}.Debug|x64.Build.0 = Debug|x64
		{2DDDCAEC-3455-33ED-AAFE-374A5E211CF0}.Release|x64.ActiveCfg = Release|x64
		{2DDDCAEC-3455-33ED-AAFE-374A5E211CF0}.Release|x64.Build.0 = Release|x64
		{2DDDCAEC-3455-33ED-AAFE-374A5E211CF0}.MinSizeRel|x64.ActiveCfg = MinSizeRel|x64
		{2DDDCAEC-3455-33ED-AAFE-374A5E211CF0}.MinSizeRel|x64.Build.0 = MinSizeRel|x64
		{2DDDCAEC-3455-33ED-AAFE-374A5E211CF0}.RelWithDebInfo|x64.ActiveCfg = RelWithDebInfo|x64
		{2DDDCAEC-3455-33ED-AAFE-374A5E211CF0}.RelWithDebInfo|x64.Build.0 = RelWithDebInfo|x64
		{D1F4E6C5-E351-332E-A87C-70CBEFBB0FCA}.Debug|x64.ActiveCfg = Debug|x64
		{D1F4E6C5-E351-332E-A87C-70CBEFBB0FCA}.Debug|x64.Build.0 = Debug|x64
		{D1F4E6C5-E351-332E-A87C-70CBEFBB0FCA}.Release|x64.ActiveCfg = Release|x64
		{D1F4E6C5-E351-332E-A87C-70CBEFBB0FCA}.Release|x64.Build.0 = Release|x64
		{D1F4E6C5-E351-332E-A87C-70CBEFBB0FCA}.MinSizeRel|x64.ActiveCfg = MinSizeRel|x64
		{D1F4E6C5-E351-332E-A87C-70CBEFBB0FCA}.MinSizeRel|x64.Build.0 = MinSizeRel|x64
		{D1F4E6C5-E351-332E-A87C-70CBEFBB0FCA}.RelWithDebInfo|x64.ActiveCfg = RelWithDebInfo|x64
		{D1F4E6C5-E351-332E-A87C-70CBEFBB0FCA}.RelWithDebInfo|x64.Build.0 = RelWithDebInfo|x64
		{025CF7B0-EFEE-3761-9C2E-EB37F67BC609}.Debug|x64.ActiveCfg = Debug|x64
		{025CF7B0-EFEE-3761-9C2E-EB37F67BC609}.Debug|x64.Build.0 = Debug|x64
		{025CF7B0-EFEE-3761-9C2E-EB37F67BC609}.Release|x64.ActiveCfg = Release|x64
		{025CF7B0-EFEE-3761-9C2E-EB37F67BC609}.Release|x64.Build.0 = Release|x64
		{025CF7B0-EFEE-3761-9C2E-EB37F67BC609}.MinSizeRel|x64.ActiveCfg = MinSizeRel|x64
		{025CF7B0-EFEE-3761-9C2E-EB37F67BC609}.MinSizeRel|x64.Build.0 = MinSizeRel|x64
		{025CF7B0-EFEE-3761-9C2E-EB37F67BC609}.RelWithDebInfo|x64.ActiveCfg = RelWithDebInfo|x64
		{025CF7B0-EFEE-3761-9C2E-EB37F67BC609}.RelWithDebInfo|x64.Build.0 = RelWithDebInfo|x64
		{20DD9B18-96C1-37C7-A538-678D1B2A74C8}.Debug|x64.ActiveCfg = Debug|x64
		{20DD9B18-96C1-37C7-A538-678D1B2A74C8}.Debug|x64.Build.0 = Debug|x64
		{20DD9B18-96C1-37C7-A538-678D1B2A74C8}.Release|x64.ActiveCfg = Release|x64
		{20DD9B18-96C1-37C7-A538-678D1B2A74C8}.Release|x64.Build.0 = Release|x64
		{20DD9B18-96C1-37C7-A538-678D1B2A74C8}.MinSizeRel|x64.ActiveCfg = MinSizeRel|x64
		{20DD9B18-96C1-37C7-A538-678D1B2A74C8}.MinSizeRel|x64.Build.0 = MinSizeRel|x64
		{20DD9B18-96C1-37C7-A538-678D1B2A74C8}.RelWithDebInfo|x64.ActiveCfg = RelWithDebInfo|x64
		{20DD9B18-96C1-37C7-A538-678D1B2A74C8}.RelWithDebInfo|x64.Build.0 = RelWithDebInfo|x64
		{78547D16-96C1-3303-92E2-C272B2FC8D96}.Debug|x64.ActiveCfg = Debug|x64
		{78547D16-96C1-3303-92E2-C272B2FC8D96}.Debug|x64.Build.0 = Debug|x64
		{78547D16-96C1-3303-92E2-C272B2FC8D96}.Release|x64.ActiveCfg = Release|x64
		{78547D16-96C1-3303-92E2-C272B2FC8D96}.Release|x64.Build.0 = Release|x64
		{78547D16-96C1-3303-92E2-C272B2FC8D96}.MinSizeRel|x64.ActiveCfg = MinSizeRel|x64
		{78547D16-96C1-3303-92E2-C272B2FC8D96}.MinSizeRel|x64.Build.0 = MinSizeRel|x64
		{78547D16-96C1-3303-92E2-C272B2FC8D96}.RelWithDebInfo|x64.ActiveCfg = RelWithDebInfo|x64
		{78547D16-96C1-3303-92E2-C272B2FC8D96}.RelWithDebInfo|x64.Build.0 = RelWithDebInfo|x64
	EndGlobalSection
	GlobalSection(ExtensibilityGlobals) = postSolution
		SolutionGuid = {8B24FF64-9B32-3C74-B3CB-974FDD13AB86}
	EndGlobalSection
	GlobalSection(ExtensibilityAddIns) = postSolution
	EndGlobalSection
EndGlobal
