<?xml version="1.0" encoding="utf-8"?>
<Project ToolsVersion="17.0" xmlns="http://schemas.microsoft.com/developer/msbuild/2003">
  <ItemGroup>
    <CustomBuild Include="C:\repos\brainflow\cpp_package\examples\get_data\CMakeFiles\e3dd69ddbf63d0d039c0acc4c4d4f443\generate.stamp.rule">
      <Filter>CMake Rules</Filter>
    </CustomBuild>
  </ItemGroup>
  <ItemGroup>
    <Filter Include="CMake Rules">
      <UniqueIdentifier>{AE7C7CC3-CC2C-38D9-ACB4-4D615EAFA4B4}</UniqueIdentifier>
    </Filter>
  </ItemGroup>
</Project>
